
Microsoft Visual Studio Solution File, Format Version 12.00
# Visual Studio 15
VisualStudioVersion = 15.0.28010.2046
MinimumVisualStudioVersion = 10.0.40219.1
Project("{2150E333-8FDC-42A3-9474-1A3956D46DE8}") = "Solution Items", "Solution Items", "{776CD65E-0B0E-45ED-AEA5-798EFC0B7732}"
	ProjectSection(SolutionItems) = preProject
		script.js = script.js
		web.html = web.html
	EndProjectSection
EndProject
Global
	GlobalSection(SolutionProperties) = preSolution
		HideSolutionNode = FALSE
	EndGlobalSection
	GlobalSection(ExtensibilityGlobals) = postSolution
		SolutionGuid = {55E6A227-BCD6-4A3D-A0A1-8F25895D77E6}
	EndGlobalSection
EndGlobal
